// !$*UTF8*$!
{
	archiveVersion = 1;
	classes = {
	};
	objectVersion = 77;
	objects = {

/* Begin PBXBuildFile section */
		C2791C702FB8FAB600EACA22 /* Sparkle in Frameworks */ = {isa = PBXBuildFile; productRef = C2791C712FB8FAB600EACA22 /* Sparkle */; };
/* End PBXBuildFile section */

/* Begin PBXContainerItemProxy section */
		C2791C4D2FB8FAB500EACA22 /* PBXContainerItemProxy */ = {
			isa = PBXContainerItemProxy;
			containerPortal = C2791C372FB8FAB400EACA22 /* Project object */;
			proxyType = 1;
			remoteGlobalIDString = C2791C3E2FB8FAB400EACA22;
			remoteInfo = Kompakt;
		};
		C2791C572FB8FAB500EACA22 /* PBXContainerItemProxy */ = {
			isa = PBXContainerItemProxy;
			containerPortal = C2791C372FB8FAB400EACA22 /* Project object */;
			proxyType = 1;
			remoteGlobalIDString = C2791C3E2FB8FAB400EACA22;
			remoteInfo = Kompakt;
		};
/* End PBXContainerItemProxy section */

/* Begin PBXFileReference section */
		C2791C3F2FB8FAB400EACA22 /* Kompakt.app */ = {isa = PBXFileReference; explicitFileType = wrapper.application; includeInIndex = 0; path = Kompakt.app; sourceTree = BUILT_PRODUCTS_DIR; };
		C2791C4C2FB8FAB500EACA22 /* KompaktTests.xctest */ = {isa = PBXFileReference; explicitFileType = wrapper.cfbundle; includeInIndex = 0; path = KompaktTests.xctest; sourceTree = BUILT_PRODUCTS_DIR; };
		C2791C562FB8FAB500EACA22 /* KompaktUITests.xctest */ = {isa = PBXFileReference; explicitFileType = wrapper.cfbundle; includeInIndex = 0; path = KompaktUITests.xctest; sourceTree = BUILT_PRODUCTS_DIR; };
		C2791C6A2FB8FAB500EACA22 /* Signing.xcconfig */ = {isa = PBXFileReference; lastKnownFileType = text.xcconfig; path = Signing.xcconfig; sourceTree = "<group>"; };
/* End PBXFileReference section */

/* Begin PBXFileSystemSynchronizedRootGroup section */
		C2791C412FB8FAB400EACA22 /* Kompakt */ = {
			isa = PBXFileSystemSynchronizedRootGroup;
			path = Kompakt;
			sourceTree = "<group>";
		};
		C2791C4F2FB8FAB500EACA22 /* KompaktTests */ = {
			isa = PBXFileSystemSynchronizedRootGroup;
			path = KompaktTests;
			sourceTree = "<group>";
		};
		C2791C592FB8FAB500EACA22 /* KompaktUITests */ = {
			isa = PBXFileSystemSynchronizedRootGroup;
			path = KompaktUITests;
			sourceTree = "<group>";
		};
/* End PBXFileSystemSynchronizedRootGroup section */

/* Begin PBXFrameworksBuildPhase section */
		C2791C3C2FB8FAB400EACA22 /* Frameworks */ = {
			isa = PBXFrameworksBuildPhase;
			buildActionMask = 2147483647;
			files = (
				C2791C702FB8FAB600EACA22 /* Sparkle in Frameworks */,
			);
			runOnlyForDeploymentPostprocessing = 0;
		};
		C2791C492FB8FAB500EACA22 /* Frameworks */ = {
			isa = PBXFrameworksBuildPhase;
			buildActionMask = 2147483647;
			files = (
			);
			runOnlyForDeploymentPostprocessing = 0;
		};
		C2791C532FB8FAB500EACA22 /* Frameworks */ = {
			isa = PBXFrameworksBuildPhase;
			buildActionMask = 2147483647;
			files = (
			);
			runOnlyForDeploymentPostprocessing = 0;
		};
/* End PBXFrameworksBuildPhase section */

/* Begin PBXGroup section */
		C2791C362FB8FAB400EACA22 = {
			isa = PBXGroup;
			children = (
				C2791C6B2FB8FAB500EACA22 /* Config */,
				C2791C412FB8FAB400EACA22 /* Kompakt */,
				C2791C4F2FB8FAB500EACA22 /* KompaktTests */,
				C2791C592FB8FAB500EACA22 /* KompaktUITests */,
				C2791C402FB8FAB400EACA22 /* Products */,
			);
			sourceTree = "<group>";
		};
		C2791C402FB8FAB400EACA22 /* Products */ = {
			isa = PBXGroup;
			children = (
				C2791C3F2FB8FAB400EACA22 /* Kompakt.app */,
				C2791C4C2FB8FAB500EACA22 /* KompaktTests.xctest */,
				C2791C562FB8FAB500EACA22 /* KompaktUITests.xctest */,
			);
			name = Products;
			sourceTree = "<group>";
		};
		C2791C6B2FB8FAB500EACA22 /* Config */ = {
			isa = PBXGroup;
			children = (
				C2791C6A2FB8FAB500EACA22 /* Signing.xcconfig */,
			);
			path = Config;
			sourceTree = "<group>";
		};
/* End PBXGroup section */

/* Begin PBXNativeTarget section */
		C2791C3E2FB8FAB400EACA22 /* Kompakt */ = {
			isa = PBXNativeTarget;
			buildConfigurationList = C2791C602FB8FAB500EACA22 /* Build configuration list for PBXNativeTarget "Kompakt" */;
			buildPhases = (
				C2791C3B2FB8FAB400EACA22 /* Sources */,
				C2791C3C2FB8FAB400EACA22 /* Frameworks */,
				C2791C3D2FB8FAB400EACA22 /* Resources */,
				C2791C692FB8FAB500EACA22 /* Bundle Optimizer Tools */,
			);
			buildRules = (
			);
			dependencies = (
			);
			fileSystemSynchronizedGroups = (
				C2791C412FB8FAB400EACA22 /* Kompakt */,
			);
			name = Kompakt;
			packageProductDependencies = (
				C2791C712FB8FAB600EACA22 /* Sparkle */,
			);
			productName = Kompakt;
			productReference = C2791C3F2FB8FAB400EACA22 /* Kompakt.app */;
			productType = "com.apple.product-type.application";
		};
		C2791C4B2FB8FAB500EACA22 /* KompaktTests */ = {
			isa = PBXNativeTarget;
			buildConfigurationList = C2791C632FB8FAB500EACA22 /* Build configuration list for PBXNativeTarget "KompaktTests" */;
			buildPhases = (
				C2791C482FB8FAB500EACA22 /* Sources */,
				C2791C492FB8FAB500EACA22 /* Frameworks */,
				C2791C4A2FB8FAB500EACA22 /* Resources */,
			);
			buildRules = (
			);
			dependencies = (
				C2791C4E2FB8FAB500EACA22 /* PBXTargetDependency */,
			);
			fileSystemSynchronizedGroups = (
				C2791C4F2FB8FAB500EACA22 /* KompaktTests */,
			);
			name = KompaktTests;
			packageProductDependencies = (
			);
			productName = KompaktTests;
			productReference = C2791C4C2FB8FAB500EACA22 /* KompaktTests.xctest */;
			productType = "com.apple.product-type.bundle.unit-test";
		};
		C2791C552FB8FAB500EACA22 /* KompaktUITests */ = {
			isa = PBXNativeTarget;
			buildConfigurationList = C2791C662FB8FAB500EACA22 /* Build configuration list for PBXNativeTarget "KompaktUITests" */;
			buildPhases = (
				C2791C522FB8FAB500EACA22 /* Sources */,
				C2791C532FB8FAB500EACA22 /* Frameworks */,
				C2791C542FB8FAB500EACA22 /* Resources */,
			);
			buildRules = (
			);
			dependencies = (
				C2791C582FB8FAB500EACA22 /* PBXTargetDependency */,
			);
			fileSystemSynchronizedGroups = (
				C2791C592FB8FAB500EACA22 /* KompaktUITests */,
			);
			name = KompaktUITests;
			packageProductDependencies = (
			);
			productName = KompaktUITests;
			productReference = C2791C562FB8FAB500EACA22 /* KompaktUITests.xctest */;
			productType = "com.apple.product-type.bundle.ui-testing";
		};
/* End PBXNativeTarget section */

/* Begin PBXProject section */
		C2791C372FB8FAB400EACA22 /* Project object */ = {
			isa = PBXProject;
			attributes = {
				BuildIndependentTargetsInParallel = 1;
				LastSwiftUpdateCheck = 2650;
				LastUpgradeCheck = 2650;
				TargetAttributes = {
					C2791C3E2FB8FAB400EACA22 = {
						CreatedOnToolsVersion = 26.5;
					};
					C2791C4B2FB8FAB500EACA22 = {
						CreatedOnToolsVersion = 26.5;
						TestTargetID = C2791C3E2FB8FAB400EACA22;
					};
					C2791C552FB8FAB500EACA22 = {
						CreatedOnToolsVersion = 26.5;
						TestTargetID = C2791C3E2FB8FAB400EACA22;
					};
				};
			};
			buildConfigurationList = C2791C3A2FB8FAB400EACA22 /* Build configuration list for PBXProject "Kompakt" */;
			developmentRegion = en;
			hasScannedForEncodings = 0;
			knownRegions = (
				en,
				Base,
			);
			mainGroup = C2791C362FB8FAB400EACA22;
			minimizedProjectReferenceProxies = 1;
			packageReferences = (
				C2791C722FB8FAB600EACA22 /* XCRemoteSwiftPackageReference "Sparkle" */,
			);
			preferredProjectObjectVersion = 77;
			productRefGroup = C2791C402FB8FAB400EACA22 /* Products */;
			projectDirPath = "";
			projectRoot = "";
			targets = (
				C2791C3E2FB8FAB400EACA22 /* Kompakt */,
				C2791C4B2FB8FAB500EACA22 /* KompaktTests */,
				C2791C552FB8FAB500EACA22 /* KompaktUITests */,
			);
		};
/* End PBXProject section */

/* Begin PBXResourcesBuildPhase section */
		C2791C3D2FB8FAB400EACA22 /* Resources */ = {
			isa = PBXResourcesBuildPhase;
			buildActionMask = 2147483647;
			files = (
			);
			runOnlyForDeploymentPostprocessing = 0;
		};
		C2791C4A2FB8FAB500EACA22 /* Resources */ = {
			isa = PBXResourcesBuildPhase;
			buildActionMask = 2147483647;
			files = (
			);
			runOnlyForDeploymentPostprocessing = 0;
		};
		C2791C542FB8FAB500EACA22 /* Resources */ = {
			isa = PBXResourcesBuildPhase;
			buildActionMask = 2147483647;
			files = (
			);
			runOnlyForDeploymentPostprocessing = 0;
		};
/* End PBXResourcesBuildPhase section */

/* Begin PBXShellScriptBuildPhase section */
		C2791C692FB8FAB500EACA22 /* Bundle Optimizer Tools */ = {
			isa = PBXShellScriptBuildPhase;
			alwaysOutOfDate = 1;
			buildActionMask = 2147483647;
			files = (
			);
			inputFileListPaths = (
			);
			inputPaths = (
				"$(PROJECT_DIR)/Vendor/Tools/macos-universal",
			);
			name = "Bundle Optimizer Tools";
			outputFileListPaths = (
			);
			outputPaths = (
				"$(TARGET_BUILD_DIR)/$(CONTENTS_FOLDER_PATH)/Helpers",
			);
			runOnlyForDeploymentPostprocessing = 0;
			shellPath = /bin/sh;
			shellScript = "\"${PROJECT_DIR}/Scripts/bundle-optimizer-tools.sh\"\n";
		};
/* End PBXShellScriptBuildPhase section */

/* Begin PBXSourcesBuildPhase section */
		C2791C3B2FB8FAB400EACA22 /* Sources */ = {
			isa = PBXSourcesBuildPhase;
			buildActionMask = 2147483647;
			files = (
			);
			runOnlyForDeploymentPostprocessing = 0;
		};
		C2791C482FB8FAB500EACA22 /* Sources */ = {
			isa = PBXSourcesBuildPhase;
			buildActionMask = 2147483647;
			files = (
			);
			runOnlyForDeploymentPostprocessing = 0;
		};
		C2791C522FB8FAB500EACA22 /* Sources */ = {
			isa = PBXSourcesBuildPhase;
			buildActionMask = 2147483647;
			files = (
			);
			runOnlyForDeploymentPostprocessing = 0;
		};
/* End PBXSourcesBuildPhase section */

/* Begin PBXTargetDependency section */
		C2791C4E2FB8FAB500EACA22 /* PBXTargetDependency */ = {
			isa = PBXTargetDependency;
			target = C2791C3E2FB8FAB400EACA22 /* Kompakt */;
			targetProxy = C2791C4D2FB8FAB500EACA22 /* PBXContainerItemProxy */;
		};
		C2791C582FB8FAB500EACA22 /* PBXTargetDependency */ = {
			isa = PBXTargetDependency;
			target = C2791C3E2FB8FAB400EACA22 /* Kompakt */;
			targetProxy = C2791C572FB8FAB500EACA22 /* PBXContainerItemProxy */;
		};
/* End PBXTargetDependency section */

/* Begin XCRemoteSwiftPackageReference section */
		C2791C722FB8FAB600EACA22 /* XCRemoteSwiftPackageReference "Sparkle" */ = {
			isa = XCRemoteSwiftPackageReference;
			repositoryURL = "https://github.com/sparkle-project/Sparkle";
			requirement = {
				kind = upToNextMajorVersion;
				minimumVersion = 2.7.0;
			};
		};
/* End XCRemoteSwiftPackageReference section */

/* Begin XCSwiftPackageProductDependency section */
		C2791C712FB8FAB600EACA22 /* Sparkle */ = {
			isa = XCSwiftPackageProductDependency;
			package = C2791C722FB8FAB600EACA22 /* XCRemoteSwiftPackageReference "Sparkle" */;
			productName = Sparkle;
		};
/* End XCSwiftPackageProductDependency section */

/* Begin XCBuildConfiguration section */
		C2791C5E2FB8FAB500EACA22 /* Debug */ = {
			isa = XCBuildConfiguration;
			baseConfigurationReference = C2791C6A2FB8FAB500EACA22 /* Signing.xcconfig */;
			buildSettings = {
				ALWAYS_SEARCH_USER_PATHS = NO;
				ASSETCATALOG_COMPILER_GENERATE_SWIFT_ASSET_SYMBOL_EXTENSIONS = YES;
				CLANG_ANALYZER_NONNULL = YES;
				CLANG_ANALYZER_NUMBER_OBJECT_CONVERSION = YES_AGGRESSIVE;
				CLANG_CXX_LANGUAGE_STANDARD = "gnu++20";
				CLANG_ENABLE_MODULES = YES;
				CLANG_ENABLE_OBJC_ARC = YES;
				CLANG_ENABLE_OBJC_WEAK = YES;
				CLANG_WARN_BLOCK_CAPTURE_AUTORELEASING = YES;
				CLANG_WARN_BOOL_CONVERSION = YES;
				CLANG_WARN_COMMA = YES;
				CLANG_WARN_CONSTANT_CONVERSION = YES;
				CLANG_WARN_DEPRECATED_OBJC_IMPLEMENTATIONS = YES;
				CLANG_WARN_DIRECT_OBJC_ISA_USAGE = YES_ERROR;
				CLANG_WARN_DOCUMENTATION_COMMENTS = YES;
				CLANG_WARN_EMPTY_BODY = YES;
				CLANG_WARN_ENUM_CONVERSION = YES;
				CLANG_WARN_INFINITE_RECURSION = YES;
				CLANG_WARN_INT_CONVERSION = YES;
				CLANG_WARN_NON_LITERAL_NULL_CONVERSION = YES;
				CLANG_WARN_OBJC_IMPLICIT_RETAIN_SELF = YES;
				CLANG_WARN_OBJC_LITERAL_CONVERSION = YES;
				CLANG_WARN_OBJC_ROOT_CLASS = YES_ERROR;
				CLANG_WARN_QUOTED_INCLUDE_IN_FRAMEWORK_HEADER = YES;
				CLANG_WARN_RANGE_LOOP_ANALYSIS = YES;
				CLANG_WARN_STRICT_PROTOTYPES = YES;
				CLANG_WARN_SUSPICIOUS_MOVE = YES;
				CLANG_WARN_UNGUARDED_AVAILABILITY = YES_AGGRESSIVE;
				CLANG_WARN_UNREACHABLE_CODE = YES;
				CLANG_WARN__DUPLICATE_METHOD_MATCH = YES;
				COPY_PHASE_STRIP = NO;
				DEBUG_INFORMATION_FORMAT = dwarf;
				ENABLE_STRICT_OBJC_MSGSEND = YES;
				ENABLE_TESTABILITY = YES;
				ENABLE_USER_SCRIPT_SANDBOXING = YES;
				GCC_C_LANGUAGE_STANDARD = gnu17;
				GCC_DYNAMIC_NO_PIC = NO;
				GCC_NO_COMMON_BLOCKS = YES;
				GCC_OPTIMIZATION_LEVEL = 0;
				GCC_PREPROCESSOR_DEFINITIONS = (
					"DEBUG=1",
					"$(inherited)",
				);
				GCC_WARN_64_TO_32_BIT_CONVERSION = YES;
				GCC_WARN_ABOUT_RETURN_TYPE = YES_ERROR;
				GCC_WARN_UNDECLARED_SELECTOR = YES;
				GCC_WARN_UNINITIALIZED_AUTOS = YES_AGGRESSIVE;
				GCC_WARN_UNUSED_FUNCTION = YES;
				GCC_WARN_UNUSED_VARIABLE = YES;
				LOCALIZATION_PREFERS_STRING_CATALOGS = YES;
				MACOSX_DEPLOYMENT_TARGET = 14.0;
				MTL_ENABLE_DEBUG_INFO = INCLUDE_SOURCE;
				MTL_FAST_MATH = YES;
				ONLY_ACTIVE_ARCH = YES;
				SDKROOT = macosx;
				SWIFT_ACTIVE_COMPILATION_CONDITIONS = "DEBUG $(inherited)";
				SWIFT_OPTIMIZATION_LEVEL = "-Onone";
			};
			name = Debug;
		};
		C2791C5F2FB8FAB500EACA22 /* Release */ = {
			isa = XCBuildConfiguration;
			baseConfigurationReference = C2791C6A2FB8FAB500EACA22 /* Signing.xcconfig */;
			buildSettings = {
				ALWAYS_SEARCH_USER_PATHS = NO;
				ASSETCATALOG_COMPILER_GENERATE_SWIFT_ASSET_SYMBOL_EXTENSIONS = YES;
				CLANG_ANALYZER_NONNULL = YES;
				CLANG_ANALYZER_NUMBER_OBJECT_CONVERSION = YES_AGGRESSIVE;
				CLANG_CXX_LANGUAGE_STANDARD = "gnu++20";
				CLANG_ENABLE_MODULES = YES;
				CLANG_ENABLE_OBJC_ARC = YES;
				CLANG_ENABLE_OBJC_WEAK = YES;
				CLANG_WARN_BLOCK_CAPTURE_AUTORELEASING = YES;
				CLANG_WARN_BOOL_CONVERSION = YES;
				CLANG_WARN_COMMA = YES;
				CLANG_WARN_CONSTANT_CONVERSION = YES;
				CLANG_WARN_DEPRECATED_OBJC_IMPLEMENTATIONS = YES;
				CLANG_WARN_DIRECT_OBJC_ISA_USAGE = YES_ERROR;
				CLANG_WARN_DOCUMENTATION_COMMENTS = YES;
				CLANG_WARN_EMPTY_BODY = YES;
				CLANG_WARN_ENUM_CONVERSION = YES;
				CLANG_WARN_INFINITE_RECURSION = YES;
				CLANG_WARN_INT_CONVERSION = YES;
				CLANG_WARN_NON_LITERAL_NULL_CONVERSION = YES;
				CLANG_WARN_OBJC_IMPLICIT_RETAIN_SELF = YES;
				CLANG_WARN_OBJC_LITERAL_CONVERSION = YES;
				CLANG_WARN_OBJC_ROOT_CLASS = YES_ERROR;
				CLANG_WARN_QUOTED_INCLUDE_IN_FRAMEWORK_HEADER = YES;
				CLANG_WARN_RANGE_LOOP_ANALYSIS = YES;
				CLANG_WARN_STRICT_PROTOTYPES = YES;
				CLANG_WARN_SUSPICIOUS_MOVE = YES;
				CLANG_WARN_UNGUARDED_AVAILABILITY = YES_AGGRESSIVE;
				CLANG_WARN_UNREACHABLE_CODE = YES;
				CLANG_WARN__DUPLICATE_METHOD_MATCH = YES;
				COPY_PHASE_STRIP = NO;
				DEBUG_INFORMATION_FORMAT = "dwarf-with-dsym";
				ENABLE_NS_ASSERTIONS = NO;
				ENABLE_STRICT_OBJC_MSGSEND = YES;
				ENABLE_USER_SCRIPT_SANDBOXING = YES;
				GCC_C_LANGUAGE_STANDARD = gnu17;
				GCC_NO_COMMON_BLOCKS = YES;
				GCC_WARN_64_TO_32_BIT_CONVERSION = YES;
				GCC_WARN_ABOUT_RETURN_TYPE = YES_ERROR;
				GCC_WARN_UNDECLARED_SELECTOR = YES;
				GCC_WARN_UNINITIALIZED_AUTOS = YES_AGGRESSIVE;
				GCC_WARN_UNUSED_FUNCTION = YES;
				GCC_WARN_UNUSED_VARIABLE = YES;
				LOCALIZATION_PREFERS_STRING_CATALOGS = YES;
				MACOSX_DEPLOYMENT_TARGET = 14.0;
				MTL_ENABLE_DEBUG_INFO = NO;
				MTL_FAST_MATH = YES;
				SDKROOT = macosx;
				SWIFT_COMPILATION_MODE = wholemodule;
			};
			name = Release;
		};
		C2791C612FB8FAB500EACA22 /* Debug */ = {
			isa = XCBuildConfiguration;
			buildSettings = {
				ASSETCATALOG_COMPILER_APPICON_NAME = AppIcon;
				ASSETCATALOG_COMPILER_GLOBAL_ACCENT_COLOR_NAME = AccentColor;
				CODE_SIGN_STYLE = Automatic;
				COMBINE_HIDPI_IMAGES = YES;
				CURRENT_PROJECT_VERSION = 7;
				ENABLE_APP_SANDBOX = NO;
				ENABLE_HARDENED_RUNTIME = YES;
				ENABLE_PREVIEWS = YES;
				ENABLE_USER_SCRIPT_SANDBOXING = NO;
				GENERATE_INFOPLIST_FILE = NO;
				INFOPLIST_FILE = Config/Info.plist;
				LD_RUNPATH_SEARCH_PATHS = (
					"$(inherited)",
					"@executable_path/../Frameworks",
				);
				MARKETING_VERSION = 1.1.0;
				PRODUCT_BUNDLE_IDENTIFIER = com.edinabazi.Kompakt;
				PRODUCT_NAME = "$(TARGET_NAME)";
				REGISTER_APP_GROUPS = YES;
				STRING_CATALOG_GENERATE_SYMBOLS = YES;
				SWIFT_APPROACHABLE_CONCURRENCY = YES;
				SWIFT_EMIT_LOC_STRINGS = YES;
				SWIFT_UPCOMING_FEATURE_MEMBER_IMPORT_VISIBILITY = YES;
				SWIFT_VERSION = 5.0;
			};
			name = Debug;
		};
		C2791C622FB8FAB500EACA22 /* Release */ = {
			isa = XCBuildConfiguration;
			buildSettings = {
				ASSETCATALOG_COMPILER_APPICON_NAME = AppIcon;
				ASSETCATALOG_COMPILER_GLOBAL_ACCENT_COLOR_NAME = AccentColor;
				CODE_SIGN_STYLE = Automatic;
				COMBINE_HIDPI_IMAGES = YES;
				CURRENT_PROJECT_VERSION = 7;
				ENABLE_APP_SANDBOX = NO;
				ENABLE_HARDENED_RUNTIME = YES;
				ENABLE_PREVIEWS = YES;
				ENABLE_USER_SCRIPT_SANDBOXING = NO;
				GENERATE_INFOPLIST_FILE = NO;
				INFOPLIST_FILE = Config/Info.plist;
				LD_RUNPATH_SEARCH_PATHS = (
					"$(inherited)",
					"@executable_path/../Frameworks",
				);
				MARKETING_VERSION = 1.1.0;
				PRODUCT_BUNDLE_IDENTIFIER = com.edinabazi.Kompakt;
				PRODUCT_NAME = "$(TARGET_NAME)";
				REGISTER_APP_GROUPS = YES;
				STRING_CATALOG_GENERATE_SYMBOLS = YES;
				SWIFT_APPROACHABLE_CONCURRENCY = YES;
				SWIFT_EMIT_LOC_STRINGS = YES;
				SWIFT_UPCOMING_FEATURE_MEMBER_IMPORT_VISIBILITY = YES;
				SWIFT_VERSION = 5.0;
			};
			name = Release;
		};
		C2791C642FB8FAB500EACA22 /* Debug */ = {
			isa = XCBuildConfiguration;
			buildSettings = {
				BUNDLE_LOADER = "$(TEST_HOST)";
				CODE_SIGN_STYLE = Automatic;
				CURRENT_PROJECT_VERSION = 7;
				GENERATE_INFOPLIST_FILE = YES;
				MACOSX_DEPLOYMENT_TARGET = 14.0;
				MARKETING_VERSION = 1.1.0;
				PRODUCT_BUNDLE_IDENTIFIER = com.edinabazi.KompaktTests;
				PRODUCT_NAME = "$(TARGET_NAME)";
				STRING_CATALOG_GENERATE_SYMBOLS = NO;
				SWIFT_APPROACHABLE_CONCURRENCY = YES;
				SWIFT_EMIT_LOC_STRINGS = NO;
				SWIFT_UPCOMING_FEATURE_MEMBER_IMPORT_VISIBILITY = YES;
				SWIFT_VERSION = 5.0;
				TEST_HOST = "$(BUILT_PRODUCTS_DIR)/Kompakt.app/$(BUNDLE_EXECUTABLE_FOLDER_PATH)/Kompakt";
			};
			name = Debug;
		};
		C2791C652FB8FAB500EACA22 /* Release */ = {
			isa = XCBuildConfiguration;
			buildSettings = {
				BUNDLE_LOADER = "$(TEST_HOST)";
				CODE_SIGN_STYLE = Automatic;
				CURRENT_PROJECT_VERSION = 7;
				GENERATE_INFOPLIST_FILE = YES;
				MACOSX_DEPLOYMENT_TARGET = 14.0;
				MARKETING_VERSION = 1.1.0;
				PRODUCT_BUNDLE_IDENTIFIER = com.edinabazi.KompaktTests;
				PRODUCT_NAME = "$(TARGET_NAME)";
				STRING_CATALOG_GENERATE_SYMBOLS = NO;
				SWIFT_APPROACHABLE_CONCURRENCY = YES;
				SWIFT_EMIT_LOC_STRINGS = NO;
				SWIFT_UPCOMING_FEATURE_MEMBER_IMPORT_VISIBILITY = YES;
				SWIFT_VERSION = 5.0;
				TEST_HOST = "$(BUILT_PRODUCTS_DIR)/Kompakt.app/$(BUNDLE_EXECUTABLE_FOLDER_PATH)/Kompakt";
			};
			name = Release;
		};
		C2791C672FB8FAB500EACA22 /* Debug */ = {
			isa = XCBuildConfiguration;
			buildSettings = {
				CODE_SIGN_STYLE = Automatic;
				CURRENT_PROJECT_VERSION = 7;
				GENERATE_INFOPLIST_FILE = YES;
				MARKETING_VERSION = 1.1.0;
				PRODUCT_BUNDLE_IDENTIFIER = com.edinabazi.KompaktUITests;
				PRODUCT_NAME = "$(TARGET_NAME)";
				STRING_CATALOG_GENERATE_SYMBOLS = NO;
				SWIFT_APPROACHABLE_CONCURRENCY = YES;
				SWIFT_EMIT_LOC_STRINGS = NO;
				SWIFT_UPCOMING_FEATURE_MEMBER_IMPORT_VISIBILITY = YES;
				SWIFT_VERSION = 5.0;
				TEST_TARGET_NAME = Kompakt;
			};
			name = Debug;
		};
		C2791C682FB8FAB500EACA22 /* Release */ = {
			isa = XCBuildConfiguration;
			buildSettings = {
				CODE_SIGN_STYLE = Automatic;
				CURRENT_PROJECT_VERSION = 7;
				GENERATE_INFOPLIST_FILE = YES;
				MARKETING_VERSION = 1.1.0;
				PRODUCT_BUNDLE_IDENTIFIER = com.edinabazi.KompaktUITests;
				PRODUCT_NAME = "$(TARGET_NAME)";
				STRING_CATALOG_GENERATE_SYMBOLS = NO;
				SWIFT_APPROACHABLE_CONCURRENCY = YES;
				SWIFT_EMIT_LOC_STRINGS = NO;
				SWIFT_UPCOMING_FEATURE_MEMBER_IMPORT_VISIBILITY = YES;
				SWIFT_VERSION = 5.0;
				TEST_TARGET_NAME = Kompakt;
			};
			name = Release;
		};
/* End XCBuildConfiguration section */

/* Begin XCConfigurationList section */
		C2791C3A2FB8FAB400EACA22 /* Build configuration list for PBXProject "Kompakt" */ = {
			isa = XCConfigurationList;
			buildConfigurations = (
				C2791C5E2FB8FAB500EACA22 /* Debug */,
				C2791C5F2FB8FAB500EACA22 /* Release */,
			);
			defaultConfigurationIsVisible = 0;
			defaultConfigurationName = Release;
		};
		C2791C602FB8FAB500EACA22 /* Build configuration list for PBXNativeTarget "Kompakt" */ = {
			isa = XCConfigurationList;
			buildConfigurations = (
				C2791C612FB8FAB500EACA22 /* Debug */,
				C2791C622FB8FAB500EACA22 /* Release */,
			);
			defaultConfigurationIsVisible = 0;
			defaultConfigurationName = Release;
		};
		C2791C632FB8FAB500EACA22 /* Build configuration list for PBXNativeTarget "KompaktTests" */ = {
			isa = XCConfigurationList;
			buildConfigurations = (
				C2791C642FB8FAB500EACA22 /* Debug */,
				C2791C652FB8FAB500EACA22 /* Release */,
			);
			defaultConfigurationIsVisible = 0;
			defaultConfigurationName = Release;
		};
		C2791C662FB8FAB500EACA22 /* Build configuration list for PBXNativeTarget "KompaktUITests" */ = {
			isa = XCConfigurationList;
			buildConfigurations = (
				C2791C672FB8FAB500EACA22 /* Debug */,
				C2791C682FB8FAB500EACA22 /* Release */,
			);
			defaultConfigurationIsVisible = 0;
			defaultConfigurationName = Release;
		};
/* End XCConfigurationList section */
	};
	rootObject = C2791C372FB8FAB400EACA22 /* Project object */;
}
